
Microsoft Visual Studio Solution File, Format Version 12.00
# Visual Studio Version 17
VisualStudioVersion = 17.9.34723.18
MinimumVisualStudioVersion = 10.0.40219.1
Project("{FAE04EC0-301F-11D3-BF4B-00C04F79EFBC}") = "Week15OOPAndFiles", "Week15OOPAndFiles\Week15OOPAndFiles.csproj", "{A2CF251B-3630-4F28-8CBD-9A8545FF1B8D}"
EndProject
Global
	GlobalSection(SolutionConfigurationPlatforms) = preSolution
		Debug|Any CPU = Debug|Any CPU
		Release|Any CPU = Release|Any CPU
	EndGlobalSection
	GlobalSection(ProjectConfigurationPlatforms) = postSolution
		{A2CF251B-3630-4F28-8CBD-9A8545FF1B8D}.Debug|Any CPU.ActiveCfg = Debug|Any CPU
		{A2CF251B-3630-4F28-8CBD-9A8545FF1B8D}.Debug|Any CPU.Build.0 = Debug|Any CPU
		{A2CF251B-3630-4F28-8CBD-9A8545FF1B8D}.Release|Any CPU.ActiveCfg = Release|Any CPU
		{A2CF251B-3630-4F28-8CBD-9A8545FF1B8D}.Release|Any CPU.Build.0 = Release|Any CPU
	EndGlobalSection
	GlobalSection(SolutionProperties) = preSolution
		HideSolutionNode = FALSE
	EndGlobalSection
	GlobalSection(ExtensibilityGlobals) = postSolution
		SolutionGuid = {323A1125-EFDC-48A6-9772-71E969E3EE0F}
	EndGlobalSection
EndGlobal
